
Microsoft Visual Studio Solution File, Format Version 12.00
# Visual Studio Version 16
VisualStudioVersion = 16.0.29326.143
MinimumVisualStudioVersion = 10.0.40219.1
Project("{FAE04EC0-301F-11D3-BF4B-00C04F79EFBC}") = "OrderForm1", "OrderForm\OrderForm1.csproj", "{6C559250-CAF4-424A-BE7A-EBB0A6AB4803}"
EndProject
Global
	GlobalSection(SolutionConfigurationPlatforms) = preSolution
		Debug|Any CPU = Debug|Any CPU
		Release|Any CPU = Release|Any CPU
	EndGlobalSection
	GlobalSection(ProjectConfigurationPlatforms) = postSolution
		{6C559250-CAF4-424A-BE7A-EBB0A6AB4803}.Debug|Any CPU.ActiveCfg = Debug|Any CPU
		{6C559250-CAF4-424A-BE7A-EBB0A6AB4803}.Debug|Any CPU.Build.0 = Debug|Any CPU
		{6C559250-CAF4-424A-BE7A-EBB0A6AB4803}.Release|Any CPU.ActiveCfg = Release|Any CPU
		{6C559250-CAF4-424A-BE7A-EBB0A6AB4803}.Release|Any CPU.Build.0 = Release|Any CPU
	EndGlobalSection
	GlobalSection(SolutionProperties) = preSolution
		HideSolutionNode = FALSE
	EndGlobalSection
	GlobalSection(ExtensibilityGlobals) = postSolution
		SolutionGuid = {470293C5-F54C-4743-B71D-35D1C80D5C02}
	EndGlobalSection
EndGlobal
